{
  "originHash" : "f4555253aa0806a22847bb566d60426f6ba3a126048c5fa03947a73d7725c599",
  "pins" : [
    {
      "identity" : "portfolio-news-package",
      "kind" : "remoteSourceControl",
      "location" : "git@github.com:michapol/portfolio-news-package.git",
      "state" : {
        "branch" : "main",
        "revision" : "1ad9d7a63151d6a9d123e8c380152f1428bc8e1c"
      }
    }
  ],
  "version" : 3
}
